
Microsoft Visual Studio Solution File, Format Version 12.00
# Visual Studio Version 17
VisualStudioVersion = 17.5.002.0
MinimumVisualStudioVersion = 10.0.40219.1
Project("{9A19103F-16F7-4668-BE54-9A1E7A4F7556}") = "myWebApp", "src\myWebApp.csproj", "{9EC0779E-7550-4B67-9E91-D2094F6F5810}"
EndProject
Project("{9A19103F-16F7-4668-BE54-9A1E7A4F7556}") = "tests", "tests\tests.csproj", "{F633ACD1-D22D-43B3-93ED-F452950C0FFF}"
EndProject
Global
	GlobalSection(SolutionConfigurationPlatforms) = preSolution
		Debug|Any CPU = Debug|Any CPU
		Release|Any CPU = Release|Any CPU
	EndGlobalSection
	GlobalSection(ProjectConfigurationPlatforms) = postSolution
		{9EC0779E-7550-4B67-9E91-D2094F6F5810}.Debug|Any CPU.ActiveCfg = Debug|Any CPU
		{9EC0779E-7550-4B67-9E91-D2094F6F5810}.Debug|Any CPU.Build.0 = Debug|Any CPU
		{9EC0779E-7550-4B67-9E91-D2094F6F5810}.Release|Any CPU.ActiveCfg = Release|Any CPU
		{9EC0779E-7550-4B67-9E91-D2094F6F5810}.Release|Any CPU.Build.0 = Release|Any CPU
		{F633ACD1-D22D-43B3-93ED-F452950C0FFF}.Debug|Any CPU.ActiveCfg = Debug|Any CPU
		{F633ACD1-D22D-43B3-93ED-F452950C0FFF}.Debug|Any CPU.Build.0 = Debug|Any CPU
		{F633ACD1-D22D-43B3-93ED-F452950C0FFF}.Release|Any CPU.ActiveCfg = Release|Any CPU
		{F633ACD1-D22D-43B3-93ED-F452950C0FFF}.Release|Any CPU.Build.0 = Release|Any CPU
	EndGlobalSection
	GlobalSection(SolutionProperties) = preSolution
		HideSolutionNode = FALSE
	EndGlobalSection
	GlobalSection(ExtensibilityGlobals) = postSolution
		SolutionGuid = {8EEE69B1-19AF-40B5-8CE8-A26F51349750}
	EndGlobalSection
EndGlobal
